// !$*UTF8*$!
{
	archiveVersion = 1;
	classes = {
	};
	objectVersion = 50;
	objects = {

/* Begin PBXBuildFile section */
		75594D4225D294BC00BFBAF9 /* AppDelegate.swift in Sources */ = {isa = PBXBuildFile; fileRef = 75594D4125D294BC00BFBAF9 /* AppDelegate.swift */; };
		75594D4425D294BC00BFBAF9 /* SceneDelegate.swift in Sources */ = {isa = PBXBuildFile; fileRef = 75594D4325D294BC00BFBAF9 /* SceneDelegate.swift */; };
		75594D4625D294BC00BFBAF9 /* ViewController.swift in Sources */ = {isa = PBXBuildFile; fileRef = 75594D4525D294BC00BFBAF9 /* ViewController.swift */; };
		75594D4925D294BC00BFBAF9 /* Main.storyboard in Resources */ = {isa = PBXBuildFile; fileRef = 75594D4725D294BC00BFBAF9 /* Main.storyboard */; };
		75594D4B25D294BD00BFBAF9 /* Assets.xcassets in Resources */ = {isa = PBXBuildFile; fileRef = 75594D4A25D294BD00BFBAF9 /* Assets.xcassets */; };
		75594D4E25D294BD00BFBAF9 /* LaunchScreen.storyboard in Resources */ = {isa = PBXBuildFile; fileRef = 75594D4C25D294BD00BFBAF9 /* LaunchScreen.storyboard */; };
		75594D5C25D29B2D00BFBAF9 /* CircularProgressBar.swift in Sources */ = {isa = PBXBuildFile; fileRef = 75594D5B25D29B2D00BFBAF9 /* CircularProgressBar.swift */; };
/* End PBXBuildFile section */

/* Begin PBXFileReference section */
		75594D3E25D294BC00BFBAF9 /* Rnd.app */ = {isa = PBXFileReference; explicitFileType = wrapper.application; includeInIndex = 0; path = Rnd.app; sourceTree = BUILT_PRODUCTS_DIR; };
		75594D4125D294BC00BFBAF9 /* AppDelegate.swift */ = {isa = PBXFileReference; lastKnownFileType = sourcecode.swift; path = AppDelegate.swift; sourceTree = "<group>"; };
		75594D4325D294BC00BFBAF9 /* SceneDelegate.swift */ = {isa = PBXFileReference; lastKnownFileType = sourcecode.swift; path = SceneDelegate.swift; sourceTree = "<group>"; };
		75594D4525D294BC00BFBAF9 /* ViewController.swift */ = {isa = PBXFileReference; lastKnownFileType = sourcecode.swift; path = ViewController.swift; sourceTree = "<group>"; };
		75594D4825D294BC00BFBAF9 /* Base */ = {isa = PBXFileReference; lastKnownFileType = file.storyboard; name = Base; path = Base.lproj/Main.storyboard; sourceTree = "<group>"; };
		75594D4A25D294BD00BFBAF9 /* Assets.xcassets */ = {isa = PBXFileReference; lastKnownFileType = folder.assetcatalog; path = Assets.xcassets; sourceTree = "<group>"; };
		75594D4D25D294BD00BFBAF9 /* Base */ = {isa = PBXFileReference; lastKnownFileType = file.storyboard; name = Base; path = Base.lproj/LaunchScreen.storyboard; sourceTree = "<group>"; };
		75594D4F25D294BD00BFBAF9 /* Info.plist */ = {isa = PBXFileReference; lastKnownFileType = text.plist.xml; path = Info.plist; sourceTree = "<group>"; };
		75594D5B25D29B2D00BFBAF9 /* CircularProgressBar.swift */ = {isa = PBXFileReference; lastKnownFileType = sourcecode.swift; path = CircularProgressBar.swift; sourceTree = "<group>"; };
/* End PBXFileReference section */

/* Begin PBXFrameworksBuildPhase section */
		75594D3B25D294BC00BFBAF9 /* Frameworks */ = {
			isa = PBXFrameworksBuildPhase;
			buildActionMask = 2147483647;
			files = (
			);
			runOnlyForDeploymentPostprocessing = 0;
		};
/* End PBXFrameworksBuildPhase section */

/* Begin PBXGroup section */
		75594D3525D294BC00BFBAF9 = {
			isa = PBXGroup;
			children = (
				75594D4025D294BC00BFBAF9 /* Rnd */,
				75594D3F25D294BC00BFBAF9 /* Products */,
			);
			sourceTree = "<group>";
		};
		75594D3F25D294BC00BFBAF9 /* Products */ = {
			isa = PBXGroup;
			children = (
				75594D3E25D294BC00BFBAF9 /* Rnd.app */,
			);
			name = Products;
			sourceTree = "<group>";
		};
		75594D4025D294BC00BFBAF9 /* Rnd */ = {
			isa = PBXGroup;
			children = (
				75594D4125D294BC00BFBAF9 /* AppDelegate.swift */,
				75594D4325D294BC00BFBAF9 /* SceneDelegate.swift */,
				75594D4525D294BC00BFBAF9 /* ViewController.swift */,
				75594D4725D294BC00BFBAF9 /* Main.storyboard */,
				75594D4A25D294BD00BFBAF9 /* Assets.xcassets */,
				75594D4C25D294BD00BFBAF9 /* LaunchScreen.storyboard */,
				75594D4F25D294BD00BFBAF9 /* Info.plist */,
				75594D5B25D29B2D00BFBAF9 /* CircularProgressBar.swift */,
			);
			path = Rnd;
			sourceTree = "<group>";
		};
/* End PBXGroup section */

/* Begin PBXNativeTarget section */
		75594D3D25D294BC00BFBAF9 /* Rnd */ = {
			isa = PBXNativeTarget;
			buildConfigurationList = 75594D5225D294BD00BFBAF9 /* Build configuration list for PBXNativeTarget "Rnd" */;
			buildPhases = (
				75594D3A25D294BC00BFBAF9 /* Sources */,
				75594D3B25D294BC00BFBAF9 /* Frameworks */,
				75594D3C25D294BC00BFBAF9 /* Resources */,
			);
			buildRules = (
			);
			dependencies = (
			);
			name = Rnd;
			productName = Rnd;
			productReference = 75594D3E25D294BC00BFBAF9 /* Rnd.app */;
			productType = "com.apple.product-type.application";
		};
/* End PBXNativeTarget section */

/* Begin PBXProject section */
		75594D3625D294BC00BFBAF9 /* Project object */ = {
			isa = PBXProject;
			attributes = {
				LastSwiftUpdateCheck = 1240;
				LastUpgradeCheck = 1240;
				TargetAttributes = {
					75594D3D25D294BC00BFBAF9 = {
						CreatedOnToolsVersion = 12.4;
					};
				};
			};
			buildConfigurationList = 75594D3925D294BC00BFBAF9 /* Build configuration list for PBXProject "Rnd" */;
			compatibilityVersion = "Xcode 9.3";
			developmentRegion = en;
			hasScannedForEncodings = 0;
			knownRegions = (
				en,
				Base,
			);
			mainGroup = 75594D3525D294BC00BFBAF9;
			productRefGroup = 75594D3F25D294BC00BFBAF9 /* Products */;
			projectDirPath = "";
			projectRoot = "";
			targets = (
				75594D3D25D294BC00BFBAF9 /* Rnd */,
			);
		};
/* End PBXProject section */

/* Begin PBXResourcesBuildPhase section */
		75594D3C25D294BC00BFBAF9 /* Resources */ = {
			isa = PBXResourcesBuildPhase;
			buildActionMask = 2147483647;
			files = (
				75594D4E25D294BD00BFBAF9 /* LaunchScreen.storyboard in Resources */,
				75594D4B25D294BD00BFBAF9 /* Assets.xcassets in Resources */,
				75594D4925D294BC00BFBAF9 /* Main.storyboard in Resources */,
			);
			runOnlyForDeploymentPostprocessing = 0;
		};
/* End PBXResourcesBuildPhase section */

/* Begin PBXSourcesBuildPhase section */
		75594D3A25D294BC00BFBAF9 /* Sources */ = {
			isa = PBXSourcesBuildPhase;
			buildActionMask = 2147483647;
			files = (
				75594D4625D294BC00BFBAF9 /* ViewController.swift in Sources */,
				75594D4225D294BC00BFBAF9 /* AppDelegate.swift in Sources */,
				75594D4425D294BC00BFBAF9 /* SceneDelegate.swift in Sources */,
				75594D5C25D29B2D00BFBAF9 /* CircularProgressBar.swift in Sources */,
			);
			runOnlyForDeploymentPostprocessing = 0;
		};
/* End PBXSourcesBuildPhase section */

/* Begin PBXVariantGroup section */
		75594D4725D294BC00BFBAF9 /* Main.storyboard */ = {
			isa = PBXVariantGroup;
			children = (
				75594D4825D294BC00BFBAF9 /* Base */,
			);
			name = Main.storyboard;
			sourceTree = "<group>";
		};
		75594D4C25D294BD00BFBAF9 /* LaunchScreen.storyboard */ = {
			isa = PBXVariantGroup;
			children = (
				75594D4D25D294BD00BFBAF9 /* Base */,
			);
			name = LaunchScreen.storyboard;
			sourceTree = "<group>";
		};
/* End PBXVariantGroup section */

/* Begin XCBuildConfiguration section */
		75594D5025D294BD00BFBAF9 /* Debug */ = {
			isa = XCBuildConfiguration;
			buildSettings = {
				ALWAYS_SEARCH_USER_PATHS = NO;
				CLANG_ANALYZER_NONNULL = YES;
				CLANG_ANALYZER_NUMBER_OBJECT_CONVERSION = YES_AGGRESSIVE;
				CLANG_CXX_LANGUAGE_STANDARD = "gnu++14";
				CLANG_CXX_LIBRARY = "libc++";
				CLANG_ENABLE_MODULES = YES;
				CLANG_ENABLE_OBJC_ARC = YES;
				CLANG_ENABLE_OBJC_WEAK = YES;
				CLANG_WARN_BLOCK_CAPTURE_AUTORELEASING = YES;
				CLANG_WARN_BOOL_CONVERSION = YES;
				CLANG_WARN_COMMA = YES;
				CLANG_WARN_CONSTANT_CONVERSION = YES;
				CLANG_WARN_DEPRECATED_OBJC_IMPLEMENTATIONS = YES;
				CLANG_WARN_DIRECT_OBJC_ISA_USAGE = YES_ERROR;
				CLANG_WARN_DOCUMENTATION_COMMENTS = YES;
				CLANG_WARN_EMPTY_BODY = YES;
				CLANG_WARN_ENUM_CONVERSION = YES;
				CLANG_WARN_INFINITE_RECURSION = YES;
				CLANG_WARN_INT_CONVERSION = YES;
				CLANG_WARN_NON_LITERAL_NULL_CONVERSION = YES;
				CLANG_WARN_OBJC_IMPLICIT_RETAIN_SELF = YES;
				CLANG_WARN_OBJC_LITERAL_CONVERSION = YES;
				CLANG_WARN_OBJC_ROOT_CLASS = YES_ERROR;
				CLANG_WARN_QUOTED_INCLUDE_IN_FRAMEWORK_HEADER = YES;
				CLANG_WARN_RANGE_LOOP_ANALYSIS = YES;
				CLANG_WARN_STRICT_PROTOTYPES = YES;
				CLANG_WARN_SUSPICIOUS_MOVE = YES;
				CLANG_WARN_UNGUARDED_AVAILABILITY = YES_AGGRESSIVE;
				CLANG_WARN_UNREACHABLE_CODE = YES;
				CLANG_WARN__DUPLICATE_METHOD_MATCH = YES;
				COPY_PHASE_STRIP = NO;
				DEBUG_INFORMATION_FORMAT = dwarf;
				ENABLE_STRICT_OBJC_MSGSEND = YES;
				ENABLE_TESTABILITY = YES;
				GCC_C_LANGUAGE_STANDARD = gnu11;
				GCC_DYNAMIC_NO_PIC = NO;
				GCC_NO_COMMON_BLOCKS = YES;
				GCC_OPTIMIZATION_LEVEL = 0;
				GCC_PREPROCESSOR_DEFINITIONS = (
					"DEBUG=1",
					"$(inherited)",
				);
				GCC_WARN_64_TO_32_BIT_CONVERSION = YES;
				GCC_WARN_ABOUT_RETURN_TYPE = YES_ERROR;
				GCC_WARN_UNDECLARED_SELECTOR = YES;
				GCC_WARN_UNINITIALIZED_AUTOS = YES_AGGRESSIVE;
				GCC_WARN_UNUSED_FUNCTION = YES;
				GCC_WARN_UNUSED_VARIABLE = YES;
				IPHONEOS_DEPLOYMENT_TARGET = 14.4;
				MTL_ENABLE_DEBUG_INFO = INCLUDE_SOURCE;
				MTL_FAST_MATH = YES;
				ONLY_ACTIVE_ARCH = YES;
				SDKROOT = iphoneos;
				SWIFT_ACTIVE_COMPILATION_CONDITIONS = DEBUG;
				SWIFT_OPTIMIZATION_LEVEL = "-Onone";
			};
			name = Debug;
		};
		75594D5125D294BD00BFBAF9 /* Release */ = {
			isa = XCBuildConfiguration;
			buildSettings = {
				ALWAYS_SEARCH_USER_PATHS = NO;
				CLANG_ANALYZER_NONNULL = YES;
				CLANG_ANALYZER_NUMBER_OBJECT_CONVERSION = YES_AGGRESSIVE;
				CLANG_CXX_LANGUAGE_STANDARD = "gnu++14";
				CLANG_CXX_LIBRARY = "libc++";
				CLANG_ENABLE_MODULES = YES;
				CLANG_ENABLE_OBJC_ARC = YES;
				CLANG_ENABLE_OBJC_WEAK = YES;
				CLANG_WARN_BLOCK_CAPTURE_AUTORELEASING = YES;
				CLANG_WARN_BOOL_CONVERSION = YES;
				CLANG_WARN_COMMA = YES;
				CLANG_WARN_CONSTANT_CONVERSION = YES;
				CLANG_WARN_DEPRECATED_OBJC_IMPLEMENTATIONS = YES;
				CLANG_WARN_DIRECT_OBJC_ISA_USAGE = YES_ERROR;
				CLANG_WARN_DOCUMENTATION_COMMENTS = YES;
				CLANG_WARN_EMPTY_BODY = YES;
				CLANG_WARN_ENUM_CONVERSION = YES;
				CLANG_WARN_INFINITE_RECURSION = YES;
				CLANG_WARN_INT_CONVERSION = YES;
				CLANG_WARN_NON_LITERAL_NULL_CONVERSION = YES;
				CLANG_WARN_OBJC_IMPLICIT_RETAIN_SELF = YES;
				CLANG_WARN_OBJC_LITERAL_CONVERSION = YES;
				CLANG_WARN_OBJC_ROOT_CLASS = YES_ERROR;
				CLANG_WARN_QUOTED_INCLUDE_IN_FRAMEWORK_HEADER = YES;
				CLANG_WARN_RANGE_LOOP_ANALYSIS = YES;
				CLANG_WARN_STRICT_PROTOTYPES = YES;
				CLANG_WARN_SUSPICIOUS_MOVE = YES;
				CLANG_WARN_UNGUARDED_AVAILABILITY = YES_AGGRESSIVE;
				CLANG_WARN_UNREACHABLE_CODE = YES;
				CLANG_WARN__DUPLICATE_METHOD_MATCH = YES;
				COPY_PHASE_STRIP = NO;
				DEBUG_INFORMATION_FORMAT = "dwarf-with-dsym";
				ENABLE_NS_ASSERTIONS = NO;
				ENABLE_STRICT_OBJC_MSGSEND = YES;
				GCC_C_LANGUAGE_STANDARD = gnu11;
				GCC_NO_COMMON_BLOCKS = YES;
				GCC_WARN_64_TO_32_BIT_CONVERSION = YES;
				GCC_WARN_ABOUT_RETURN_TYPE = YES_ERROR;
				GCC_WARN_UNDECLARED_SELECTOR = YES;
				GCC_WARN_UNINITIALIZED_AUTOS = YES_AGGRESSIVE;
				GCC_WARN_UNUSED_FUNCTION = YES;
				GCC_WARN_UNUSED_VARIABLE = YES;
				IPHONEOS_DEPLOYMENT_TARGET = 14.4;
				MTL_ENABLE_DEBUG_INFO = NO;
				MTL_FAST_MATH = YES;
				SDKROOT = iphoneos;
				SWIFT_COMPILATION_MODE = wholemodule;
				SWIFT_OPTIMIZATION_LEVEL = "-O";
				VALIDATE_PRODUCT = YES;
			};
			name = Release;
		};
		75594D5325D294BD00BFBAF9 /* Debug */ = {
			isa = XCBuildConfiguration;
			buildSettings = {
				ASSETCATALOG_COMPILER_APPICON_NAME = AppIcon;
				ASSETCATALOG_COMPILER_GLOBAL_ACCENT_COLOR_NAME = AccentColor;
				CODE_SIGN_STYLE = Automatic;
				DEVELOPMENT_TEAM = M47S45AXH9;
				INFOPLIST_FILE = Rnd/Info.plist;
				LD_RUNPATH_SEARCH_PATHS = (
					"$(inherited)",
					"@executable_path/Frameworks",
				);
				PRODUCT_BUNDLE_IDENTIFIER = com.swiftlec.Rnd;
				PRODUCT_NAME = "$(TARGET_NAME)";
				SWIFT_VERSION = 5.0;
				TARGETED_DEVICE_FAMILY = 1;
			};
			name = Debug;
		};
		75594D5425D294BD00BFBAF9 /* Release */ = {
			isa = XCBuildConfiguration;
			buildSettings = {
				ASSETCATALOG_COMPILER_APPICON_NAME = AppIcon;
				ASSETCATALOG_COMPILER_GLOBAL_ACCENT_COLOR_NAME = AccentColor;
				CODE_SIGN_STYLE = Automatic;
				DEVELOPMENT_TEAM = M47S45AXH9;
				INFOPLIST_FILE = Rnd/Info.plist;
				LD_RUNPATH_SEARCH_PATHS = (
					"$(inherited)",
					"@executable_path/Frameworks",
				);
				PRODUCT_BUNDLE_IDENTIFIER = com.swiftlec.Rnd;
				PRODUCT_NAME = "$(TARGET_NAME)";
				SWIFT_VERSION = 5.0;
				TARGETED_DEVICE_FAMILY = 1;
			};
			name = Release;
		};
/* End XCBuildConfiguration section */

/* Begin XCConfigurationList section */
		75594D3925D294BC00BFBAF9 /* Build configuration list for PBXProject "Rnd" */ = {
			isa = XCConfigurationList;
			buildConfigurations = (
				75594D5025D294BD00BFBAF9 /* Debug */,
				75594D5125D294BD00BFBAF9 /* Release */,
			);
			defaultConfigurationIsVisible = 0;
			defaultConfigurationName = Release;
		};
		75594D5225D294BD00BFBAF9 /* Build configuration list for PBXNativeTarget "Rnd" */ = {
			isa = XCConfigurationList;
			buildConfigurations = (
				75594D5325D294BD00BFBAF9 /* Debug */,
				75594D5425D294BD00BFBAF9 /* Release */,
			);
			defaultConfigurationIsVisible = 0;
			defaultConfigurationName = Release;
		};
/* End XCConfigurationList section */
	};
	rootObject = 75594D3625D294BC00BFBAF9 /* Project object */;
}
